# This file is generated by running "yarn install" inside your project.
# Manual changes might be lost - proceed with caution!

__metadata:
  version: 6
  cacheKey: 8

"@captive/ts-config@npm:^1.0.1":
  version: 1.0.1
  resolution: "@captive/ts-config@npm:1.0.1"
  peerDependencies:
    typescript: 3.x || 4.x
  checksum: 6c50964bb7dea7a9718b5742f444800dce4f9c0a8b4990356e7e139a3668edf985c499e02cf45803c460eb04f4bd41f79300148b99d39bfbb31f4450cfabdc3c
  languageName: node
  linkType: hard

"@types/node@npm:^16.0.0":
  version: 16.11.41
  resolution: "@types/node@npm:16.11.41"
  checksum: 808e4d65757bb13cf25e88dfa4e65880efef06652b04baecb051eb90cf090dda9812aa3505b31e963a48041eed7dbe0fc59c44c7c5e117da952ff951bf3a584a
  languageName: node
  linkType: hard

"tech-challenge-level1@workspace:level1":
  version: 0.0.0-use.local
  resolution: "tech-challenge-level1@workspace:level1"
  languageName: unknown
  linkType: soft

"tech-challenge-level2@workspace:level2":
  version: 0.0.0-use.local
  resolution: "tech-challenge-level2@workspace:level2"
  languageName: unknown
  linkType: soft

"tech-challenge-level3@workspace:level3":
  version: 0.0.0-use.local
  resolution: "tech-challenge-level3@workspace:level3"
  languageName: unknown
  linkType: soft

"tech-challenge-root@workspace:.":
  version: 0.0.0-use.local
  resolution: "tech-challenge-root@workspace:."
  dependencies:
    "@captive/ts-config": ^1.0.1
    "@types/node": ^16.0.0
    typescript: 4.x
  languageName: unknown
  linkType: soft

"typescript@npm:4.x":
  version: 4.7.3
  resolution: "typescript@npm:4.7.3"
  bin:
    tsc: bin/tsc
    tsserver: bin/tsserver
  checksum: fd13a1ce53790a36bb8350e1f5e5e384b5f6cb9b0635114a6d01d49cb99916abdcfbc13c7521cdae2f2d3f6d8bc4a8ae7625edf645a04ee940588cd5e7597b2f
  languageName: node
  linkType: hard

"typescript@patch:typescript@4.x#~builtin<compat/typescript>":
  version: 4.7.3
  resolution: "typescript@patch:typescript@npm%3A4.7.3#~builtin<compat/typescript>::version=4.7.3&hash=7ad353"
  bin:
    tsc: bin/tsc
    tsserver: bin/tsserver
  checksum: 137d18a77f52254a284960b16ab53d0619f57b69b5d585804b8413f798a1175ce3e774fb95e6a101868577aafe357d8fcfc9171f0dc9fc0c210e9ae59d107cc0
  languageName: node
  linkType: hard
